
Microsoft Visual Studio Solution File, Format Version 12.00
# Visual Studio 15
Project("{FAE04EC0-301F-11D3-BF4B-00C04F79EFBC}") = "FreshQuality", "FreshQuality\FreshQuality.csproj", "{834E97F7-E3CE-4A31-8698-53D4B930A0DC}"
EndProject
Project("{FAE04EC0-301F-11D3-BF4B-00C04F79EFBC}") = "ExampleProject", "ExampleProject\ExampleProject.csproj", "{CBB862F1-D1CC-4902-B913-255627E44176}"
EndProject
Project("{FAE04EC0-301F-11D3-BF4B-00C04F79EFBC}") = "ExampleTests", "ExampleTests\ExampleTests.csproj", "{CAF2233F-C7FB-457A-A9C3-96CDDA4C65FA}"
EndProject
Project("{2150E333-8FDC-42A3-9474-1A3956D46DE8}") = "Solution Items", "Solution Items", "{B761AC27-13F3-42D6-8C55-038AA16CE5D0}"
	ProjectSection(SolutionItems) = preProject
		Readme.md = Readme.md
		stylecop.json = stylecop.json
		codeanalysis.ruleset = codeanalysis.ruleset
	EndProjectSection
EndProject
Global
	GlobalSection(SolutionConfigurationPlatforms) = preSolution
		Debug|Any CPU = Debug|Any CPU
		Release|Any CPU = Release|Any CPU
	EndGlobalSection
	GlobalSection(ProjectConfigurationPlatforms) = postSolution
		{834E97F7-E3CE-4A31-8698-53D4B930A0DC}.Debug|Any CPU.ActiveCfg = Debug|Any CPU
		{834E97F7-E3CE-4A31-8698-53D4B930A0DC}.Debug|Any CPU.Build.0 = Debug|Any CPU
		{834E97F7-E3CE-4A31-8698-53D4B930A0DC}.Release|Any CPU.ActiveCfg = Release|Any CPU
		{834E97F7-E3CE-4A31-8698-53D4B930A0DC}.Release|Any CPU.Build.0 = Release|Any CPU
		{CBB862F1-D1CC-4902-B913-255627E44176}.Debug|Any CPU.ActiveCfg = Debug|Any CPU
		{CBB862F1-D1CC-4902-B913-255627E44176}.Debug|Any CPU.Build.0 = Debug|Any CPU
		{CBB862F1-D1CC-4902-B913-255627E44176}.Release|Any CPU.ActiveCfg = Release|Any CPU
		{CBB862F1-D1CC-4902-B913-255627E44176}.Release|Any CPU.Build.0 = Release|Any CPU
		{CAF2233F-C7FB-457A-A9C3-96CDDA4C65FA}.Debug|Any CPU.ActiveCfg = Debug|Any CPU
		{CAF2233F-C7FB-457A-A9C3-96CDDA4C65FA}.Debug|Any CPU.Build.0 = Debug|Any CPU
		{CAF2233F-C7FB-457A-A9C3-96CDDA4C65FA}.Release|Any CPU.ActiveCfg = Release|Any CPU
		{CAF2233F-C7FB-457A-A9C3-96CDDA4C65FA}.Release|Any CPU.Build.0 = Release|Any CPU
	EndGlobalSection
EndGlobal
